
Microsoft Visual Studio Solution File, Format Version 12.00
# Visual Studio Version 17
VisualStudioVersion = 17.13.35931.197
MinimumVisualStudioVersion = 10.0.40219.1
Project("{FAE04EC0-301F-11D3-BF4B-00C04F79EFBC}") = "TP_BVSK", "TP_BVSK\TP_BVSK.csproj", "{93A4216C-583D-402D-8BEC-16E6131F47A7}"
EndProject
Global
	GlobalSection(SolutionConfigurationPlatforms) = preSolution
		Debug|Any CPU = Debug|Any CPU
		Release|Any CPU = Release|Any CPU
	EndGlobalSection
	GlobalSection(ProjectConfigurationPlatforms) = postSolution
		{93A4216C-583D-402D-8BEC-16E6131F47A7}.Debug|Any CPU.ActiveCfg = Debug|Any CPU
		{93A4216C-583D-402D-8BEC-16E6131F47A7}.Debug|Any CPU.Build.0 = Debug|Any CPU
		{93A4216C-583D-402D-8BEC-16E6131F47A7}.Release|Any CPU.ActiveCfg = Release|Any CPU
		{93A4216C-583D-402D-8BEC-16E6131F47A7}.Release|Any CPU.Build.0 = Release|Any CPU
	EndGlobalSection
	GlobalSection(SolutionProperties) = preSolution
		HideSolutionNode = FALSE
	EndGlobalSection
	GlobalSection(ExtensibilityGlobals) = postSolution
		SolutionGuid = {2607F624-B848-43C8-8645-FFC7001D013E}
	EndGlobalSection
EndGlobal
